
Microsoft Visual Studio Solution File, Format Version 12.00
# Visual Studio Version 17
VisualStudioVersion = 17.5.33424.131
MinimumVisualStudioVersion = 10.0.40219.1
Project("{FAE04EC0-301F-11D3-BF4B-00C04F79EFBC}") = "Lists.UI", "Lists.UI\Lists.UI.csproj", "{E170BC79-2692-426B-91F7-BA66E45FB0EA}"
EndProject
Project("{FAE04EC0-301F-11D3-BF4B-00C04F79EFBC}") = "Lists.Logic", "List.Logic\Lists.Logic.csproj", "{7F0EACF6-9152-4ADD-A131-BA62F36B3ACF}"
EndProject
Global
	GlobalSection(SolutionConfigurationPlatforms) = preSolution
		Debug|Any CPU = Debug|Any CPU
		Release|Any CPU = Release|Any CPU
	EndGlobalSection
	GlobalSection(ProjectConfigurationPlatforms) = postSolution
		{E170BC79-2692-426B-91F7-BA66E45FB0EA}.Debug|Any CPU.ActiveCfg = Debug|Any CPU
		{E170BC79-2692-426B-91F7-BA66E45FB0EA}.Debug|Any CPU.Build.0 = Debug|Any CPU
		{E170BC79-2692-426B-91F7-BA66E45FB0EA}.Release|Any CPU.ActiveCfg = Release|Any CPU
		{E170BC79-2692-426B-91F7-BA66E45FB0EA}.Release|Any CPU.Build.0 = Release|Any CPU
		{7F0EACF6-9152-4ADD-A131-BA62F36B3ACF}.Debug|Any CPU.ActiveCfg = Debug|Any CPU
		{7F0EACF6-9152-4ADD-A131-BA62F36B3ACF}.Debug|Any CPU.Build.0 = Debug|Any CPU
		{7F0EACF6-9152-4ADD-A131-BA62F36B3ACF}.Release|Any CPU.ActiveCfg = Release|Any CPU
		{7F0EACF6-9152-4ADD-A131-BA62F36B3ACF}.Release|Any CPU.Build.0 = Release|Any CPU
	EndGlobalSection
	GlobalSection(SolutionProperties) = preSolution
		HideSolutionNode = FALSE
	EndGlobalSection
	GlobalSection(ExtensibilityGlobals) = postSolution
		SolutionGuid = {2825E309-4562-424C-AD9E-7D55EF7281AF}
	EndGlobalSection
EndGlobal
